
Microsoft Visual Studio Solution File, Format Version 12.00
# Visual Studio Version 17
VisualStudioVersion = 17.0.32014.148
MinimumVisualStudioVersion = 15.0.26124.0
Project("{2150E333-8FDC-42A3-9474-1A3956D46DE8}") = "Solution Items", "Solution Items", "{E3580F9C-2DDF-488C-85C7-C689E48F5303}"
	ProjectSection(SolutionItems) = preProject
		.editorconfig = .editorconfig
		.gitattributes = .gitattributes
		.gitignore = .gitignore
		NuGet.config = NuGet.config
	EndProjectSection
EndProject
Project("{2150E333-8FDC-42A3-9474-1A3956D46DE8}") = "docs", "docs", "{7D347DC7-5535-4079-9B61-80D4B5B0E829}"
	ProjectSection(SolutionItems) = preProject
		CONTRIBUTING.md = CONTRIBUTING.md
		LICENSE.md = LICENSE.md
		README.md = README.md
	EndProjectSection
EndProject
Project("{2150E333-8FDC-42A3-9474-1A3956D46DE8}") = "src", "src", "{E75F4F9C-0E0F-4A45-A30A-D8455EAE0BB6}"
EndProject
Project("{2150E333-8FDC-42A3-9474-1A3956D46DE8}") = "01.Presentation", "01.Presentation", "{7FC0B442-1BE7-410E-82B5-57971FD67B2C}"
EndProject
Project("{2150E333-8FDC-42A3-9474-1A3956D46DE8}") = "03.Domain", "03.Domain", "{A57FD5F6-23BB-4519-B68D-0AA8EFDBCCB1}"
EndProject
Project("{2150E333-8FDC-42A3-9474-1A3956D46DE8}") = "04.Infra", "04.Infra", "{4794B3F9-8B89-4B39-A680-975905666499}"
EndProject
Project("{2150E333-8FDC-42A3-9474-1A3956D46DE8}") = "4.1.Data", "4.1.Data", "{B67FB4A1-BBC3-4227-A6A9-F0B824442EA6}"
EndProject
Project("{9A19103F-16F7-4668-BE54-9A1E7A4F7556}") = "MERLegacy.Domain", "src\TesteMER.Domain\MERLegacy.Domain.csproj", "{D7F29C1E-2B32-4EBC-AC65-3F3DF9DBCDC5}"
EndProject
Project("{2150E333-8FDC-42A3-9474-1A3956D46DE8}") = "02.Services", "02.Services", "{8E70F829-E8B5-49F2-BBBA-0278C229324E}"
EndProject
Project("{2150E333-8FDC-42A3-9474-1A3956D46DE8}") = "1.Identidade", "1.Identidade", "{EB323826-16CF-4F7B-839C-B608D892B2D8}"
EndProject
Project("{9A19103F-16F7-4668-BE54-9A1E7A4F7556}") = "Cooperchip.GestaoHospitalar.Identidade.API", "src\_Services\Cooperchip.GestaoHospitalar.Identidade.API\Cooperchip.GestaoHospitalar.Identidade.API.csproj", "{A0B09154-8678-404C-8008-F7CF6AFF90D1}"
EndProject
Project("{2150E333-8FDC-42A3-9474-1A3956D46DE8}") = "4.2.MERLegacyDomain", "4.2.MERLegacyDomain", "{EDF8D529-2A9D-4E22-959C-0298646B9314}"
EndProject
Project("{2150E333-8FDC-42A3-9474-1A3956D46DE8}") = "tests", "tests", "{1F153C14-5237-4C2E-8D79-5D323CD4F929}"
EndProject
Project("{9A19103F-16F7-4668-BE54-9A1E7A4F7556}") = "Cooperchip.SisMedico.Testes", "tests\Cooperchip.SisMedico.Testes\Cooperchip.SisMedico.Testes.csproj", "{5C6E2683-8B05-44D5-AC0F-C82C99C31303}"
EndProject
Project("{9A19103F-16F7-4668-BE54-9A1E7A4F7556}") = "SisMedico.Mvc", "src\SisMedico.Mvc\SisMedico.Mvc.csproj", "{52DFD7EC-A020-48C8-A2F9-C1F77A22580C}"
EndProject
Project("{9A19103F-16F7-4668-BE54-9A1E7A4F7556}") = "SisMedico.Domain", "src\SisMedico.Domain\SisMedico.Domain.csproj", "{899E7011-C3C4-459E-B9CD-791556E845A6}"
EndProject
Project("{9A19103F-16F7-4668-BE54-9A1E7A4F7556}") = "SisMedico.InfraData", "src\SisMedico.InfraData\SisMedico.InfraData.csproj", "{9599F8C5-8268-4AD0-896C-57D51E19B3F1}"
EndProject
Global
	GlobalSection(SolutionConfigurationPlatforms) = preSolution
		Debug|Any CPU = Debug|Any CPU
		Debug|x64 = Debug|x64
		Debug|x86 = Debug|x86
		Release|Any CPU = Release|Any CPU
		Release|x64 = Release|x64
		Release|x86 = Release|x86
	EndGlobalSection
	GlobalSection(ProjectConfigurationPlatforms) = postSolution
		{D7F29C1E-2B32-4EBC-AC65-3F3DF9DBCDC5}.Debug|Any CPU.ActiveCfg = Debug|Any CPU
		{D7F29C1E-2B32-4EBC-AC65-3F3DF9DBCDC5}.Debug|Any CPU.Build.0 = Debug|Any CPU
		{D7F29C1E-2B32-4EBC-AC65-3F3DF9DBCDC5}.Debug|x64.ActiveCfg = Debug|Any CPU
		{D7F29C1E-2B32-4EBC-AC65-3F3DF9DBCDC5}.Debug|x64.Build.0 = Debug|Any CPU
		{D7F29C1E-2B32-4EBC-AC65-3F3DF9DBCDC5}.Debug|x86.ActiveCfg = Debug|Any CPU
		{D7F29C1E-2B32-4EBC-AC65-3F3DF9DBCDC5}.Debug|x86.Build.0 = Debug|Any CPU
		{D7F29C1E-2B32-4EBC-AC65-3F3DF9DBCDC5}.Release|Any CPU.ActiveCfg = Release|Any CPU
		{D7F29C1E-2B32-4EBC-AC65-3F3DF9DBCDC5}.Release|Any CPU.Build.0 = Release|Any CPU
		{D7F29C1E-2B32-4EBC-AC65-3F3DF9DBCDC5}.Release|x64.ActiveCfg = Release|Any CPU
		{D7F29C1E-2B32-4EBC-AC65-3F3DF9DBCDC5}.Release|x64.Build.0 = Release|Any CPU
		{D7F29C1E-2B32-4EBC-AC65-3F3DF9DBCDC5}.Release|x86.ActiveCfg = Release|Any CPU
		{D7F29C1E-2B32-4EBC-AC65-3F3DF9DBCDC5}.Release|x86.Build.0 = Release|Any CPU
		{A0B09154-8678-404C-8008-F7CF6AFF90D1}.Debug|Any CPU.ActiveCfg = Debug|Any CPU
		{A0B09154-8678-404C-8008-F7CF6AFF90D1}.Debug|Any CPU.Build.0 = Debug|Any CPU
		{A0B09154-8678-404C-8008-F7CF6AFF90D1}.Debug|x64.ActiveCfg = Debug|Any CPU
		{A0B09154-8678-404C-8008-F7CF6AFF90D1}.Debug|x64.Build.0 = Debug|Any CPU
		{A0B09154-8678-404C-8008-F7CF6AFF90D1}.Debug|x86.ActiveCfg = Debug|Any CPU
		{A0B09154-8678-404C-8008-F7CF6AFF90D1}.Debug|x86.Build.0 = Debug|Any CPU
		{A0B09154-8678-404C-8008-F7CF6AFF90D1}.Release|Any CPU.ActiveCfg = Release|Any CPU
		{A0B09154-8678-404C-8008-F7CF6AFF90D1}.Release|Any CPU.Build.0 = Release|Any CPU
		{A0B09154-8678-404C-8008-F7CF6AFF90D1}.Release|x64.ActiveCfg = Release|Any CPU
		{A0B09154-8678-404C-8008-F7CF6AFF90D1}.Release|x64.Build.0 = Release|Any CPU
		{A0B09154-8678-404C-8008-F7CF6AFF90D1}.Release|x86.ActiveCfg = Release|Any CPU
		{A0B09154-8678-404C-8008-F7CF6AFF90D1}.Release|x86.Build.0 = Release|Any CPU
		{5C6E2683-8B05-44D5-AC0F-C82C99C31303}.Debug|Any CPU.ActiveCfg = Debug|Any CPU
		{5C6E2683-8B05-44D5-AC0F-C82C99C31303}.Debug|Any CPU.Build.0 = Debug|Any CPU
		{5C6E2683-8B05-44D5-AC0F-C82C99C31303}.Debug|x64.ActiveCfg = Debug|Any CPU
		{5C6E2683-8B05-44D5-AC0F-C82C99C31303}.Debug|x64.Build.0 = Debug|Any CPU
		{5C6E2683-8B05-44D5-AC0F-C82C99C31303}.Debug|x86.ActiveCfg = Debug|Any CPU
		{5C6E2683-8B05-44D5-AC0F-C82C99C31303}.Debug|x86.Build.0 = Debug|Any CPU
		{5C6E2683-8B05-44D5-AC0F-C82C99C31303}.Release|Any CPU.ActiveCfg = Release|Any CPU
		{5C6E2683-8B05-44D5-AC0F-C82C99C31303}.Release|Any CPU.Build.0 = Release|Any CPU
		{5C6E2683-8B05-44D5-AC0F-C82C99C31303}.Release|x64.ActiveCfg = Release|Any CPU
		{5C6E2683-8B05-44D5-AC0F-C82C99C31303}.Release|x64.Build.0 = Release|Any CPU
		{5C6E2683-8B05-44D5-AC0F-C82C99C31303}.Release|x86.ActiveCfg = Release|Any CPU
		{5C6E2683-8B05-44D5-AC0F-C82C99C31303}.Release|x86.Build.0 = Release|Any CPU
		{52DFD7EC-A020-48C8-A2F9-C1F77A22580C}.Debug|Any CPU.ActiveCfg = Debug|Any CPU
		{52DFD7EC-A020-48C8-A2F9-C1F77A22580C}.Debug|Any CPU.Build.0 = Debug|Any CPU
		{52DFD7EC-A020-48C8-A2F9-C1F77A22580C}.Debug|x64.ActiveCfg = Debug|Any CPU
		{52DFD7EC-A020-48C8-A2F9-C1F77A22580C}.Debug|x64.Build.0 = Debug|Any CPU
		{52DFD7EC-A020-48C8-A2F9-C1F77A22580C}.Debug|x86.ActiveCfg = Debug|Any CPU
		{52DFD7EC-A020-48C8-A2F9-C1F77A22580C}.Debug|x86.Build.0 = Debug|Any CPU
		{52DFD7EC-A020-48C8-A2F9-C1F77A22580C}.Release|Any CPU.ActiveCfg = Release|Any CPU
		{52DFD7EC-A020-48C8-A2F9-C1F77A22580C}.Release|Any CPU.Build.0 = Release|Any CPU
		{52DFD7EC-A020-48C8-A2F9-C1F77A22580C}.Release|x64.ActiveCfg = Release|Any CPU
		{52DFD7EC-A020-48C8-A2F9-C1F77A22580C}.Release|x64.Build.0 = Release|Any CPU
		{52DFD7EC-A020-48C8-A2F9-C1F77A22580C}.Release|x86.ActiveCfg = Release|Any CPU
		{52DFD7EC-A020-48C8-A2F9-C1F77A22580C}.Release|x86.Build.0 = Release|Any CPU
		{899E7011-C3C4-459E-B9CD-791556E845A6}.Debug|Any CPU.ActiveCfg = Debug|Any CPU
		{899E7011-C3C4-459E-B9CD-791556E845A6}.Debug|Any CPU.Build.0 = Debug|Any CPU
		{899E7011-C3C4-459E-B9CD-791556E845A6}.Debug|x64.ActiveCfg = Debug|Any CPU
		{899E7011-C3C4-459E-B9CD-791556E845A6}.Debug|x64.Build.0 = Debug|Any CPU
		{899E7011-C3C4-459E-B9CD-791556E845A6}.Debug|x86.ActiveCfg = Debug|Any CPU
		{899E7011-C3C4-459E-B9CD-791556E845A6}.Debug|x86.Build.0 = Debug|Any CPU
		{899E7011-C3C4-459E-B9CD-791556E845A6}.Release|Any CPU.ActiveCfg = Release|Any CPU
		{899E7011-C3C4-459E-B9CD-791556E845A6}.Release|Any CPU.Build.0 = Release|Any CPU
		{899E7011-C3C4-459E-B9CD-791556E845A6}.Release|x64.ActiveCfg = Release|Any CPU
		{899E7011-C3C4-459E-B9CD-791556E845A6}.Release|x64.Build.0 = Release|Any CPU
		{899E7011-C3C4-459E-B9CD-791556E845A6}.Release|x86.ActiveCfg = Release|Any CPU
		{899E7011-C3C4-459E-B9CD-791556E845A6}.Release|x86.Build.0 = Release|Any CPU
		{9599F8C5-8268-4AD0-896C-57D51E19B3F1}.Debug|Any CPU.ActiveCfg = Debug|Any CPU
		{9599F8C5-8268-4AD0-896C-57D51E19B3F1}.Debug|Any CPU.Build.0 = Debug|Any CPU
		{9599F8C5-8268-4AD0-896C-57D51E19B3F1}.Debug|x64.ActiveCfg = Debug|Any CPU
		{9599F8C5-8268-4AD0-896C-57D51E19B3F1}.Debug|x64.Build.0 = Debug|Any CPU
		{9599F8C5-8268-4AD0-896C-57D51E19B3F1}.Debug|x86.ActiveCfg = Debug|Any CPU
		{9599F8C5-8268-4AD0-896C-57D51E19B3F1}.Debug|x86.Build.0 = Debug|Any CPU
		{9599F8C5-8268-4AD0-896C-57D51E19B3F1}.Release|Any CPU.ActiveCfg = Release|Any CPU
		{9599F8C5-8268-4AD0-896C-57D51E19B3F1}.Release|Any CPU.Build.0 = Release|Any CPU
		{9599F8C5-8268-4AD0-896C-57D51E19B3F1}.Release|x64.ActiveCfg = Release|Any CPU
		{9599F8C5-8268-4AD0-896C-57D51E19B3F1}.Release|x64.Build.0 = Release|Any CPU
		{9599F8C5-8268-4AD0-896C-57D51E19B3F1}.Release|x86.ActiveCfg = Release|Any CPU
		{9599F8C5-8268-4AD0-896C-57D51E19B3F1}.Release|x86.Build.0 = Release|Any CPU
	EndGlobalSection
	GlobalSection(SolutionProperties) = preSolution
		HideSolutionNode = FALSE
	EndGlobalSection
	GlobalSection(NestedProjects) = preSolution
		{7FC0B442-1BE7-410E-82B5-57971FD67B2C} = {E75F4F9C-0E0F-4A45-A30A-D8455EAE0BB6}
		{A57FD5F6-23BB-4519-B68D-0AA8EFDBCCB1} = {E75F4F9C-0E0F-4A45-A30A-D8455EAE0BB6}
		{4794B3F9-8B89-4B39-A680-975905666499} = {E75F4F9C-0E0F-4A45-A30A-D8455EAE0BB6}
		{B67FB4A1-BBC3-4227-A6A9-F0B824442EA6} = {4794B3F9-8B89-4B39-A680-975905666499}
		{D7F29C1E-2B32-4EBC-AC65-3F3DF9DBCDC5} = {EDF8D529-2A9D-4E22-959C-0298646B9314}
		{8E70F829-E8B5-49F2-BBBA-0278C229324E} = {E75F4F9C-0E0F-4A45-A30A-D8455EAE0BB6}
		{EB323826-16CF-4F7B-839C-B608D892B2D8} = {8E70F829-E8B5-49F2-BBBA-0278C229324E}
		{A0B09154-8678-404C-8008-F7CF6AFF90D1} = {EB323826-16CF-4F7B-839C-B608D892B2D8}
		{EDF8D529-2A9D-4E22-959C-0298646B9314} = {4794B3F9-8B89-4B39-A680-975905666499}
		{5C6E2683-8B05-44D5-AC0F-C82C99C31303} = {1F153C14-5237-4C2E-8D79-5D323CD4F929}
		{52DFD7EC-A020-48C8-A2F9-C1F77A22580C} = {7FC0B442-1BE7-410E-82B5-57971FD67B2C}
		{899E7011-C3C4-459E-B9CD-791556E845A6} = {A57FD5F6-23BB-4519-B68D-0AA8EFDBCCB1}
		{9599F8C5-8268-4AD0-896C-57D51E19B3F1} = {B67FB4A1-BBC3-4227-A6A9-F0B824442EA6}
	EndGlobalSection
	GlobalSection(ExtensibilityGlobals) = postSolution
		SolutionGuid = {A629F572-4FEF-49B0-9D97-2A2D63A669A1}
	EndGlobalSection
EndGlobal
